{
  "name": "patchreader-extension",
  "version": "1.0.3",
  "lockfileVersion": 3,
  "requires": true,
  "packages": {
    "": {
      "name": "patchreader-extension",
      "version": "1.0.3",
      "license": "MIT",
      "devDependencies": {
        "diff2html": "^3.4.56"
      },
      "engines": {
        "node": ">=22.0.0"
      }
    },
    "node_modules/@profoundlogic/hogan": {
      "version": "3.0.4",
      "resolved": "https://registry.npmjs.org/@profoundlogic/hogan/-/hogan-3.0.4.tgz",
      "integrity": "sha512-pmNVGuooS30Mm7YbZd5T7E5zYVO6D5Ct91sn4T39mUvMUc3sCGridcnhAufL1/Bz2QzAtzEn0agNrdk3+5yWzw==",
      "dev": true,
      "license": "Apache-2.0",
      "dependencies": {
        "nopt": "1.0.10"
      },
      "bin": {
        "hulk": "bin/hulk"
      }
    },
    "node_modules/abbrev": {
      "version": "1.1.1",
      "resolved": "https://registry.npmjs.org/abbrev/-/abbrev-1.1.1.tgz",
      "integrity": "sha512-nne9/IiQ/hzIhY6pdDnbBtz7DjPTKrY00P/zvPSm5pOFkl6xuGrGnXn/VtTNNfNtAfZ9/1RtehkszU9qcTii0Q==",
      "dev": true,
      "license": "ISC"
    },
    "node_modules/diff": {
      "version": "8.0.3",
      "resolved": "https://registry.npmjs.org/diff/-/diff-8.0.3.tgz",
      "integrity": "sha512-qejHi7bcSD4hQAZE0tNAawRK1ZtafHDmMTMkrrIGgSLl7hTnQHmKCeB45xAcbfTqK2zowkM3j3bHt/4b/ARbYQ==",
      "dev": true,
      "license": "BSD-3-Clause",
      "engines": {
        "node": ">=0.3.1"
      }
    },
    "node_modules/diff2html": {
      "version": "3.4.56",
      "resolved": "https://registry.npmjs.org/diff2html/-/diff2html-3.4.56.tgz",
      "integrity": "sha512-u9gfn+BlbHcyO7vItCIC4z49LJDUt31tODzOfAuJ5R1E7IdlRL6KjugcB9zOpejD+XiR+dDZbsnHSQ3g6A/u8A==",
      "dev": true,
      "license": "MIT",
      "dependencies": {
        "@profoundlogic/hogan": "^3.0.4",
        "diff": "^8.0.3"
      },
      "engines": {
        "node": ">=12"
      },
      "optionalDependencies": {
        "highlight.js": "11.11.1"
      }
    },
    "node_modules/highlight.js": {
      "version": "11.11.1",
      "resolved": "https://registry.npmjs.org/highlight.js/-/highlight.js-11.11.1.tgz",
      "integrity": "sha512-Xwwo44whKBVCYoliBQwaPvtd/2tYFkRQtXDWj1nackaV2JPXx3L0+Jvd8/qCJ2p+ML0/XVkJ2q+Mr+UVdpJK5w==",
      "dev": true,
      "license": "BSD-3-Clause",
      "optional": true,
      "engines": {
        "node": ">=12.0.0"
      }
    },
    "node_modules/nopt": {
      "version": "1.0.10",
      "resolved": "https://registry.npmjs.org/nopt/-/nopt-1.0.10.tgz",
      "integrity": "sha512-NWmpvLSqUrgrAC9HCuxEvb+PSloHpqVu+FqcO4eeF2h5qYRhA7ev6KvelyQAKtegUbC6RypJnlEOhd8vloNKYg==",
      "dev": true,
      "license": "MIT",
      "dependencies": {
        "abbrev": "1"
      },
      "bin": {
        "nopt": "bin/nopt.js"
      },
      "engines": {
        "node": "*"
      }
    }
  }
}
